
Microsoft Visual Studio Solution File, Format Version 12.00
# Visual Studio 15
VisualStudioVersion = 15.0.26430.13
MinimumVisualStudioVersion = 10.0.40219.1
Project("{FAE04EC0-301F-11D3-BF4B-00C04F79EFBC}") = "Aoba", "Aoba\Aoba.csproj", "{F41F019E-CFCC-46FE-9361-B9CBB41F21B4}"
EndProject
Project("{FAE04EC0-301F-11D3-BF4B-00C04F79EFBC}") = "Aoba.Server", "Aoba.Server\Aoba.Server.csproj", "{9003211B-6F4F-46ED-9151-5C9F326A0C06}"
EndProject
Project("{D954291E-2A0B-460D-934E-DC6B0785DB48}") = "Models", "DataStore\Models.shproj", "{A5CA15C1-FBF9-47E9-B71D-4B390EC4F8DB}"
EndProject
Project("{FAE04EC0-301F-11D3-BF4B-00C04F79EFBC}") = "Aoba.ShellExtensions", "Aoba.ShellExtensions\Aoba.ShellExtensions.csproj", "{C0373B2F-2559-421B-9D6C-B197F2005169}"
EndProject
Global
	GlobalSection(SharedMSBuildProjectFiles) = preSolution
		DataStore\DataStore.projitems*{9003211b-6f4f-46ed-9151-5c9f326a0c06}*SharedItemsImports = 4
		DataStore\DataStore.projitems*{a5ca15c1-fbf9-47e9-b71d-4b390ec4f8db}*SharedItemsImports = 13
		DataStore\DataStore.projitems*{f41f019e-cfcc-46fe-9361-b9cbb41f21b4}*SharedItemsImports = 4
	EndGlobalSection
	GlobalSection(SolutionConfigurationPlatforms) = preSolution
		Debug|Any CPU = Debug|Any CPU
		Release|Any CPU = Release|Any CPU
	EndGlobalSection
	GlobalSection(ProjectConfigurationPlatforms) = postSolution
		{F41F019E-CFCC-46FE-9361-B9CBB41F21B4}.Debug|Any CPU.ActiveCfg = Debug|Any CPU
		{F41F019E-CFCC-46FE-9361-B9CBB41F21B4}.Debug|Any CPU.Build.0 = Debug|Any CPU
		{F41F019E-CFCC-46FE-9361-B9CBB41F21B4}.Release|Any CPU.ActiveCfg = Release|Any CPU
		{F41F019E-CFCC-46FE-9361-B9CBB41F21B4}.Release|Any CPU.Build.0 = Release|Any CPU
		{9003211B-6F4F-46ED-9151-5C9F326A0C06}.Debug|Any CPU.ActiveCfg = Debug|Any CPU
		{9003211B-6F4F-46ED-9151-5C9F326A0C06}.Debug|Any CPU.Build.0 = Debug|Any CPU
		{9003211B-6F4F-46ED-9151-5C9F326A0C06}.Release|Any CPU.ActiveCfg = Release|Any CPU
		{9003211B-6F4F-46ED-9151-5C9F326A0C06}.Release|Any CPU.Build.0 = Release|Any CPU
		{C0373B2F-2559-421B-9D6C-B197F2005169}.Debug|Any CPU.ActiveCfg = Debug|Any CPU
		{C0373B2F-2559-421B-9D6C-B197F2005169}.Debug|Any CPU.Build.0 = Debug|Any CPU
		{C0373B2F-2559-421B-9D6C-B197F2005169}.Release|Any CPU.ActiveCfg = Release|Any CPU
		{C0373B2F-2559-421B-9D6C-B197F2005169}.Release|Any CPU.Build.0 = Release|Any CPU
	EndGlobalSection
	GlobalSection(SolutionProperties) = preSolution
		HideSolutionNode = FALSE
	EndGlobalSection
EndGlobal
